
Microsoft Visual Studio Solution File, Format Version 12.00
# Visual Studio Version 16
VisualStudioVersion = 16.0.30320.27
MinimumVisualStudioVersion = 10.0.40219.1
Project("{FAE04EC0-301F-11D3-BF4B-00C04F79EFBC}") = "NotificationAPI", "NotificationAPI\NotificationAPI.csproj", "{B4ECCA1A-D543-44E3-87C6-B690789BD559}"
EndProject
Global
	GlobalSection(SolutionConfigurationPlatforms) = preSolution
		Debug|Any CPU = Debug|Any CPU
		Release|Any CPU = Release|Any CPU
	EndGlobalSection
	GlobalSection(ProjectConfigurationPlatforms) = postSolution
		{B4ECCA1A-D543-44E3-87C6-B690789BD559}.Debug|Any CPU.ActiveCfg = Debug|Any CPU
		{B4ECCA1A-D543-44E3-87C6-B690789BD559}.Debug|Any CPU.Build.0 = Debug|Any CPU
		{B4ECCA1A-D543-44E3-87C6-B690789BD559}.Release|Any CPU.ActiveCfg = Release|Any CPU
		{B4ECCA1A-D543-44E3-87C6-B690789BD559}.Release|Any CPU.Build.0 = Release|Any CPU
	EndGlobalSection
	GlobalSection(SolutionProperties) = preSolution
		HideSolutionNode = FALSE
	EndGlobalSection
	GlobalSection(ExtensibilityGlobals) = postSolution
		SolutionGuid = {FEA6DF46-40C0-4A36-877E-403724A81A78}
	EndGlobalSection
EndGlobal
